
Microsoft Visual Studio Solution File, Format Version 12.00
# Visual Studio Version 17
VisualStudioVersion = 17.0.32630.193
MinimumVisualStudioVersion = 10.0.40219.1
Project("{FAE04EC0-301F-11D3-BF4B-00C04F79EFBC}") = "УП01_ИСПП5_Швидко_ИА", "УП01_ИСПП5_Швидко_ИА\УП01_ИСПП5_Швидко_ИА.csproj", "{C09F9605-2168-42F9-82DF-8D498FC27DD1}"
EndProject
Global
	GlobalSection(SolutionConfigurationPlatforms) = preSolution
		Debug|Any CPU = Debug|Any CPU
		Release|Any CPU = Release|Any CPU
	EndGlobalSection
	GlobalSection(ProjectConfigurationPlatforms) = postSolution
		{C09F9605-2168-42F9-82DF-8D498FC27DD1}.Debug|Any CPU.ActiveCfg = Debug|Any CPU
		{C09F9605-2168-42F9-82DF-8D498FC27DD1}.Debug|Any CPU.Build.0 = Debug|Any CPU
		{C09F9605-2168-42F9-82DF-8D498FC27DD1}.Release|Any CPU.ActiveCfg = Release|Any CPU
		{C09F9605-2168-42F9-82DF-8D498FC27DD1}.Release|Any CPU.Build.0 = Release|Any CPU
	EndGlobalSection
	GlobalSection(SolutionProperties) = preSolution
		HideSolutionNode = FALSE
	EndGlobalSection
	GlobalSection(ExtensibilityGlobals) = postSolution
		SolutionGuid = {8DF2C33B-FBA7-4ABA-9D37-81CACA1FB810}
	EndGlobalSection
EndGlobal
